
Microsoft Visual Studio Solution File, Format Version 12.00
# Visual Studio 15
VisualStudioVersion = 15.0.27703.2000
MinimumVisualStudioVersion = 10.0.40219.1
Project("{9A19103F-16F7-4668-BE54-9A1E7A4F7556}") = "WebApiCrudProject", "WebApiCrudProject\WebApiCrudProject.csproj", "{8998CA51-82E2-42A1-A128-BDF3B5FEF1FA}"
EndProject
Project("{FAE04EC0-301F-11D3-BF4B-00C04F79EFBC}") = "WebApiCrudProject.Tests", "WebApiCrudProject.Tests\WebApiCrudProject.Tests.csproj", "{29EBE02D-3D26-49CD-BD6E-7DFEF5DD6750}"
EndProject
Global
	GlobalSection(SolutionConfigurationPlatforms) = preSolution
		Debug|Any CPU = Debug|Any CPU
		Release|Any CPU = Release|Any CPU
	EndGlobalSection
	GlobalSection(ProjectConfigurationPlatforms) = postSolution
		{8998CA51-82E2-42A1-A128-BDF3B5FEF1FA}.Debug|Any CPU.ActiveCfg = Debug|Any CPU
		{8998CA51-82E2-42A1-A128-BDF3B5FEF1FA}.Debug|Any CPU.Build.0 = Debug|Any CPU
		{8998CA51-82E2-42A1-A128-BDF3B5FEF1FA}.Release|Any CPU.ActiveCfg = Release|Any CPU
		{8998CA51-82E2-42A1-A128-BDF3B5FEF1FA}.Release|Any CPU.Build.0 = Release|Any CPU
		{29EBE02D-3D26-49CD-BD6E-7DFEF5DD6750}.Debug|Any CPU.ActiveCfg = Debug|Any CPU
		{29EBE02D-3D26-49CD-BD6E-7DFEF5DD6750}.Debug|Any CPU.Build.0 = Debug|Any CPU
		{29EBE02D-3D26-49CD-BD6E-7DFEF5DD6750}.Release|Any CPU.ActiveCfg = Release|Any CPU
		{29EBE02D-3D26-49CD-BD6E-7DFEF5DD6750}.Release|Any CPU.Build.0 = Release|Any CPU
	EndGlobalSection
	GlobalSection(SolutionProperties) = preSolution
		HideSolutionNode = FALSE
	EndGlobalSection
	GlobalSection(ExtensibilityGlobals) = postSolution
		SolutionGuid = {33C46628-1F91-4135-A971-85ADD2490244}
	EndGlobalSection
EndGlobal
